
Microsoft Visual Studio Solution File, Format Version 12.00
# Visual Studio 15
VisualStudioVersion = 15.0.28307.421
MinimumVisualStudioVersion = 10.0.40219.1
Project("{FAE04EC0-301F-11D3-BF4B-00C04F79EFBC}") = "SoalKe-3", "SoalKe-3\SoalKe-3.csproj", "{AAB5978F-CFAB-47F4-9B46-5DB27CB86768}"
EndProject
Global
	GlobalSection(SolutionConfigurationPlatforms) = preSolution
		Debug|Any CPU = Debug|Any CPU
		Release|Any CPU = Release|Any CPU
	EndGlobalSection
	GlobalSection(ProjectConfigurationPlatforms) = postSolution
		{AAB5978F-CFAB-47F4-9B46-5DB27CB86768}.Debug|Any CPU.ActiveCfg = Debug|Any CPU
		{AAB5978F-CFAB-47F4-9B46-5DB27CB86768}.Debug|Any CPU.Build.0 = Debug|Any CPU
		{AAB5978F-CFAB-47F4-9B46-5DB27CB86768}.Release|Any CPU.ActiveCfg = Release|Any CPU
		{AAB5978F-CFAB-47F4-9B46-5DB27CB86768}.Release|Any CPU.Build.0 = Release|Any CPU
	EndGlobalSection
	GlobalSection(SolutionProperties) = preSolution
		HideSolutionNode = FALSE
	EndGlobalSection
	GlobalSection(ExtensibilityGlobals) = postSolution
		SolutionGuid = {24821853-75AD-4480-8AD0-534642C22DF3}
	EndGlobalSection
EndGlobal
